
Microsoft Visual Studio Solution File, Format Version 12.00
# Visual Studio 15
VisualStudioVersion = 15.0.27428.2015
MinimumVisualStudioVersion = 10.0.40219.1
Project("{8BC9CEB8-8B4A-11D0-8D11-00A0C91BC942}") = "BookIndex", "BookIndex\BookIndex.vcxproj", "{F37AAA67-A188-43C2-A9AB-C99DA131C622}"
EndProject
Project("{8BC9CEB8-8B4A-11D0-8D11-00A0C91BC942}") = "CharTree", "CharTree\CharTree.vcxproj", "{D3C655CF-FBAB-46BE-B828-6E93C3948621}"
EndProject
Project("{2150E333-8FDC-42A3-9474-1A3956D46DE8}") = "Solution Items", "Solution Items", "{DFBA5549-48F6-43B6-B60F-070DAFD52CF3}"
	ProjectSection(SolutionItems) = preProject
		.gitattributes = .gitattributes
		.gitignore = .gitignore
		CHANGELOG.md = CHANGELOG.md
		CONTRIBUTING.md = CONTRIBUTING.md
		ISSUE_TEMPLATE.md = ISSUE_TEMPLATE.md
		LICENSE = LICENSE
		README.md = README.md
	EndProjectSection
EndProject
Global
	GlobalSection(SolutionConfigurationPlatforms) = preSolution
		Debug|x64 = Debug|x64
		Debug|x86 = Debug|x86
		Release|x64 = Release|x64
		Release|x86 = Release|x86
	EndGlobalSection
	GlobalSection(ProjectConfigurationPlatforms) = postSolution
		{F37AAA67-A188-43C2-A9AB-C99DA131C622}.Debug|x64.ActiveCfg = Debug|x64
		{F37AAA67-A188-43C2-A9AB-C99DA131C622}.Debug|x64.Build.0 = Debug|x64
		{F37AAA67-A188-43C2-A9AB-C99DA131C622}.Debug|x86.ActiveCfg = Debug|Win32
		{F37AAA67-A188-43C2-A9AB-C99DA131C622}.Debug|x86.Build.0 = Debug|Win32
		{F37AAA67-A188-43C2-A9AB-C99DA131C622}.Release|x64.ActiveCfg = Release|x64
		{F37AAA67-A188-43C2-A9AB-C99DA131C622}.Release|x64.Build.0 = Release|x64
		{F37AAA67-A188-43C2-A9AB-C99DA131C622}.Release|x86.ActiveCfg = Release|Win32
		{F37AAA67-A188-43C2-A9AB-C99DA131C622}.Release|x86.Build.0 = Release|Win32
		{D3C655CF-FBAB-46BE-B828-6E93C3948621}.Debug|x64.ActiveCfg = Debug|x64
		{D3C655CF-FBAB-46BE-B828-6E93C3948621}.Debug|x64.Build.0 = Debug|x64
		{D3C655CF-FBAB-46BE-B828-6E93C3948621}.Debug|x86.ActiveCfg = Debug|Win32
		{D3C655CF-FBAB-46BE-B828-6E93C3948621}.Debug|x86.Build.0 = Debug|Win32
		{D3C655CF-FBAB-46BE-B828-6E93C3948621}.Release|x64.ActiveCfg = Release|x64
		{D3C655CF-FBAB-46BE-B828-6E93C3948621}.Release|x64.Build.0 = Release|x64
		{D3C655CF-FBAB-46BE-B828-6E93C3948621}.Release|x86.ActiveCfg = Release|Win32
		{D3C655CF-FBAB-46BE-B828-6E93C3948621}.Release|x86.Build.0 = Release|Win32
	EndGlobalSection
	GlobalSection(SolutionProperties) = preSolution
		HideSolutionNode = FALSE
	EndGlobalSection
	GlobalSection(ExtensibilityGlobals) = postSolution
		SolutionGuid = {2ABD349F-39E5-44AD-BEB1-76F11910E505}
	EndGlobalSection
EndGlobal
